# generated by rye
# use `rye lock` or `rye sync` to update this lockfile
#
# last locked with the following flags:
#   pre: false
#   features: []
#   all-features: false
#   with-sources: false
#   generate-hashes: false
#   universal: false

-e file:.
numpy==2.1.1
    # via tinygrad
pyobjc-core==10.3.1
    # via pyobjc-framework-cocoa
    # via pyobjc-framework-libdispatch
    # via pyobjc-framework-metal
pyobjc-framework-cocoa==10.3.1
    # via pyobjc-framework-libdispatch
    # via pyobjc-framework-metal
pyobjc-framework-libdispatch==10.3.1
    # via tinygrad
pyobjc-framework-metal==10.3.1
    # via tinygrad
tinygrad==0.9.2
    # via tinygrad-projects
